
Microsoft Visual Studio Solution File, Format Version 12.00
# Visual Studio 15
VisualStudioVersion = 15.0.28307.168
MinimumVisualStudioVersion = 10.0.40219.1
Project("{FAE04EC0-301F-11D3-BF4B-00C04F79EFBC}") = "_Host", "BackendCore\_Host.csproj", "{58C9AC1B-0BC3-499E-A594-0B77A9373B3F}"
EndProject
Project("{FAE04EC0-301F-11D3-BF4B-00C04F79EFBC}") = "Infrastructure", "Infrastructure\Infrastructure.csproj", "{A73A1190-F7B6-4788-A775-BEC4A04E6F3D}"
EndProject
Project("{FAE04EC0-301F-11D3-BF4B-00C04F79EFBC}") = "Application", "Application\Application.csproj", "{3C07636E-6A00-4FCF-AC44-7E4336CBD608}"
EndProject
Global
	GlobalSection(SolutionConfigurationPlatforms) = preSolution
		Debug|Any CPU = Debug|Any CPU
		Release|Any CPU = Release|Any CPU
	EndGlobalSection
	GlobalSection(ProjectConfigurationPlatforms) = postSolution
		{58C9AC1B-0BC3-499E-A594-0B77A9373B3F}.Debug|Any CPU.ActiveCfg = Debug|Any CPU
		{58C9AC1B-0BC3-499E-A594-0B77A9373B3F}.Debug|Any CPU.Build.0 = Debug|Any CPU
		{58C9AC1B-0BC3-499E-A594-0B77A9373B3F}.Release|Any CPU.ActiveCfg = Release|Any CPU
		{58C9AC1B-0BC3-499E-A594-0B77A9373B3F}.Release|Any CPU.Build.0 = Release|Any CPU
		{A73A1190-F7B6-4788-A775-BEC4A04E6F3D}.Debug|Any CPU.ActiveCfg = Debug|Any CPU
		{A73A1190-F7B6-4788-A775-BEC4A04E6F3D}.Debug|Any CPU.Build.0 = Debug|Any CPU
		{A73A1190-F7B6-4788-A775-BEC4A04E6F3D}.Release|Any CPU.ActiveCfg = Release|Any CPU
		{A73A1190-F7B6-4788-A775-BEC4A04E6F3D}.Release|Any CPU.Build.0 = Release|Any CPU
		{3C07636E-6A00-4FCF-AC44-7E4336CBD608}.Debug|Any CPU.ActiveCfg = Debug|Any CPU
		{3C07636E-6A00-4FCF-AC44-7E4336CBD608}.Debug|Any CPU.Build.0 = Debug|Any CPU
		{3C07636E-6A00-4FCF-AC44-7E4336CBD608}.Release|Any CPU.ActiveCfg = Release|Any CPU
		{3C07636E-6A00-4FCF-AC44-7E4336CBD608}.Release|Any CPU.Build.0 = Release|Any CPU
	EndGlobalSection
	GlobalSection(SolutionProperties) = preSolution
		HideSolutionNode = FALSE
	EndGlobalSection
	GlobalSection(ExtensibilityGlobals) = postSolution
		SolutionGuid = {6F327D59-4741-4979-B5E2-1977B64AACD5}
	EndGlobalSection
EndGlobal
